<?xml version="1.0" encoding="utf-8"?>
<Project ToolsVersion="4.0" xmlns="http://schemas.microsoft.com/developer/msbuild/2003">
  <ItemGroup>
    <Filter Include="CharacterControlStates">
        <UniqueIdentifier>55723805-7238-4572-8055-238055723805</UniqueIdentifier>
        <DeploymentContent>False</DeploymentContent></Filter>
    <Filter Include="Lua">
        <UniqueIdentifier>45DB356F-5DB3-4F45-B356-45DB356F45DB</UniqueIdentifier>
        <DeploymentContent>False</DeploymentContent></Filter>
    <Filter Include="Classes">
        <UniqueIdentifier>11230FAD-1230-4D11-30FA-11230FAD1123</UniqueIdentifier>
        <DeploymentContent>False</DeploymentContent></Filter>
    <Filter Include="Classes\Reflections">
        <UniqueIdentifier>E9C8D3E9-8D3E-48D3-9C8D-E9C8D3E9C8D3</UniqueIdentifier>
        <DeploymentContent>False</DeploymentContent></Filter>

  </ItemGroup>
  <ItemGroup>
    <ClInclude Include="vHavokChainConstraintChainRenderer.hpp">
        <Filter></Filter>
        <DeploymentContent>False</DeploymentContent></ClInclude>
    <ClInclude Include="vHavokPhysicsModule.hpp">
        <Filter></Filter>
        <DeploymentContent>False</DeploymentContent></ClInclude>
    <ClInclude Include="vHavokConversionUtils.hpp">
        <Filter></Filter>
        <DeploymentContent>False</DeploymentContent></ClInclude>
    <ClCompile Include="vHavokVisionShapes.cpp">
        <Filter></Filter>
        <DeploymentContent>False</DeploymentContent></ClCompile>
    <ClInclude Include="vHavokRigidBody.hpp">
        <Filter></Filter>
        <DeploymentContent>False</DeploymentContent></ClInclude>
    <ClCompile Include="vHavokFileStreamAccess.cpp">
        <Filter></Filter>
        <DeploymentContent>False</DeploymentContent></ClCompile>
    <ClInclude Include="vHavokCableConstraintChainRenderer.hpp">
        <Filter></Filter>
        <DeploymentContent>False</DeploymentContent></ClInclude>
    <ClInclude Include="vHavokRagdollConstraint.hpp">
        <Filter></Filter>
        <DeploymentContent>False</DeploymentContent></ClInclude>
    <ClInclude Include="vHavokDisplayHandler.hpp">
        <Filter></Filter>
        <DeploymentContent>False</DeploymentContent></ClInclude>
    <ClInclude Include="vHavokRagdoll.hpp">
        <Filter></Filter>
        <DeploymentContent>False</DeploymentContent></ClInclude>
    <ClCompile Include="vHavokChainAnimation.cpp">
        <Filter></Filter>
        <DeploymentContent>False</DeploymentContent></ClCompile>
    <None Include="vHavokElementManager.inl">
        <Filter></Filter>
        <DeploymentContent>False</DeploymentContent></None>
    <ClInclude Include="vHavokPulleyConstraint.hpp">
        <Filter></Filter>
        <DeploymentContent>False</DeploymentContent></ClInclude>
    <ClCompile Include="vHavokHingeConstraint.cpp">
        <Filter></Filter>
        <DeploymentContent>False</DeploymentContent></ClCompile>
    <ClCompile Include="CharacterControlStates\vCharacterStateClimbing.cpp">
        <Filter>CharacterControlStates</Filter>
        <DeploymentContent>False</DeploymentContent></ClCompile>
    <ClInclude Include="HavokPhysicsEnginePluginPCH.h">
        <Filter></Filter>
        <DeploymentContent>False</DeploymentContent></ClInclude>
    <ClCompile Include="vHavokConstraintChainRenderingData.cpp">
        <Filter></Filter>
        <DeploymentContent>False</DeploymentContent></ClCompile>
    <ClCompile Include="vHavokVisualDebugger.cpp">
        <Filter></Filter>
        <DeploymentContent>False</DeploymentContent></ClCompile>
    <ClCompile Include="VThrowItemComponent.cpp">
        <Filter></Filter>
        <DeploymentContent>False</DeploymentContent></ClCompile>
    <ClInclude Include="vHavokElementManager.hpp">
        <Filter></Filter>
        <DeploymentContent>False</DeploymentContent></ClInclude>
    <ClInclude Include="vHavokHingeConstraint.hpp">
        <Filter></Filter>
        <DeploymentContent>False</DeploymentContent></ClInclude>
    <ClInclude Include="vHavokConstraintChain.hpp">
        <Filter></Filter>
        <DeploymentContent>False</DeploymentContent></ClInclude>
    <ClInclude Include="vHavokConstraint.hpp">
        <Filter></Filter>
        <DeploymentContent>False</DeploymentContent></ClInclude>
    <Compile Include="Lua\vHavokRigidBody.i">
        <Filter>Lua</Filter>
        <DeploymentContent>False</DeploymentContent></Compile>
    <ClCompile Include="vHavokCpuJobThreadPool.cpp">
        <Filter></Filter>
        <DeploymentContent>False</DeploymentContent></ClCompile>
    <ClInclude Include="vHavokStiffSpringConstraint.hpp">
        <Filter></Filter>
        <DeploymentContent>False</DeploymentContent></ClInclude>
    <ClCompile Include="VFpsCameraEntity.cpp">
        <Filter></Filter>
        <DeploymentContent>False</DeploymentContent></ClCompile>
    <ClCompile Include="vHavokCableConstraintChainRenderer.cpp">
        <Filter></Filter>
        <DeploymentContent>False</DeploymentContent></ClCompile>
    <ClCompile Include="CharacterControlStates\vCharacterStateJumping.cpp">
        <Filter>CharacterControlStates</Filter>
        <DeploymentContent>False</DeploymentContent></ClCompile>
    <ClInclude Include="vHavokCachedShape.hpp">
        <Filter></Filter>
        <DeploymentContent>False</DeploymentContent></ClInclude>
    <ClInclude Include="vHavokVisualDebugger.hpp">
        <Filter></Filter>
        <DeploymentContent>False</DeploymentContent></ClInclude>
    <ClCompile Include="Lua\PhysicsLuaModule_wrapper.cpp">
        <Filter>Lua</Filter>
        <DeploymentContent>False</DeploymentContent></ClCompile>
    <ClCompile Include="vHavokStaticMesh.cpp">
        <Filter></Filter>
        <DeploymentContent>False</DeploymentContent></ClCompile>
    <ClInclude Include="vHavokDebugConstraintChainRenderer.hpp">
        <Filter></Filter>
        <DeploymentContent>False</DeploymentContent></ClInclude>
    <Compile Include="Lua\vHavokRagdoll.i">
        <Filter>Lua</Filter>
        <DeploymentContent>False</DeploymentContent></Compile>
    <ClCompile Include="vHavokConstraintChainRenderer.cpp">
        <Filter></Filter>
        <DeploymentContent>False</DeploymentContent></ClCompile>
    <Compile Include="Lua\vHavokTriggerVolume.i">
        <Filter>Lua</Filter>
        <DeploymentContent>False</DeploymentContent></Compile>
    <ClCompile Include="vHavokPointToPathConstraint.cpp">
        <Filter></Filter>
        <DeploymentContent>False</DeploymentContent></ClCompile>
    <ClInclude Include="vHavokPrismaticConstraint.hpp">
        <Filter></Filter>
        <DeploymentContent>False</DeploymentContent></ClInclude>
    <ClCompile Include="Classes\HavokPhysicsEnginePluginTrackerClasses.cpp">
        <Filter>Classes</Filter>
        <DeploymentContent>False</DeploymentContent></ClCompile>
    <ClInclude Include="vHavokChainAnimation.hpp">
        <Filter></Filter>
        <DeploymentContent>False</DeploymentContent></ClInclude>
    <ClInclude Include="CharacterControlStates\vCharacterStateJumping.h">
        <Filter>CharacterControlStates</Filter>
        <DeploymentContent>False</DeploymentContent></ClInclude>
    <ClCompile Include="vHavokChainConstraintChainRenderer.cpp">
        <Filter></Filter>
        <DeploymentContent>False</DeploymentContent></ClCompile>
    <ClInclude Include="vHavokPointToPathConstraint.hpp">
        <Filter></Filter>
        <DeploymentContent>False</DeploymentContent></ClInclude>
    <ClInclude Include="vHavokConstraintListener.hpp">
        <Filter></Filter>
        <DeploymentContent>False</DeploymentContent></ClInclude>
    <ClInclude Include="vHavokBallAndSocketConstraint.hpp">
        <Filter></Filter>
        <DeploymentContent>False</DeploymentContent></ClInclude>
    <ClCompile Include="vHavokDisplayHandler.cpp">
        <Filter></Filter>
        <DeploymentContent>False</DeploymentContent></ClCompile>
    <ClInclude Include="vHavokBallAndSocketConstraintChain.hpp">
        <Filter></Filter>
        <DeploymentContent>False</DeploymentContent></ClInclude>
    <ClInclude Include="vHavokContactListener.hpp">
        <Filter></Filter>
        <DeploymentContent>False</DeploymentContent></ClInclude>
    <ClCompile Include="vHavokConstraintListener.cpp">
        <Filter></Filter>
        <DeploymentContent>False</DeploymentContent></ClCompile>
    <ClCompile Include="vHavokGenericConstraint.cpp">
        <Filter></Filter>
        <DeploymentContent>False</DeploymentContent></ClCompile>
    <Compile Include="Lua\vHavokCharacterController.i">
        <Filter>Lua</Filter>
        <DeploymentContent>False</DeploymentContent></Compile>
    <ClCompile Include="vHavokBallAndSocketConstraint.cpp">
        <Filter></Filter>
        <DeploymentContent>False</DeploymentContent></ClCompile>
    <ClInclude Include="vHavokTriggerVolume.hpp">
        <Filter></Filter>
        <DeploymentContent>False</DeploymentContent></ClInclude>
    <ClInclude Include="VFpsCameraEntity.hpp">
        <Filter></Filter>
        <DeploymentContent>False</DeploymentContent></ClInclude>
    <ClCompile Include="CharacterControlStates\vCharacterStateOnGround.cpp">
        <Filter>CharacterControlStates</Filter>
        <DeploymentContent>False</DeploymentContent></ClCompile>
    <ClCompile Include="vHavokTriggerVolume.cpp">
        <Filter></Filter>
        <DeploymentContent>False</DeploymentContent></ClCompile>
    <ClInclude Include="CharacterControlStates\vCharacterStateFlying.h">
        <Filter>CharacterControlStates</Filter>
        <DeploymentContent>False</DeploymentContent></ClInclude>
    <ClInclude Include="CharacterControlStates\vCharacterStateOnGround.h">
        <Filter>CharacterControlStates</Filter>
        <DeploymentContent>False</DeploymentContent></ClInclude>
    <ClInclude Include="vHavokSync.hpp">
        <Filter></Filter>
        <DeploymentContent>False</DeploymentContent></ClInclude>
    <ClCompile Include="vHavokPrismaticConstraint.cpp">
        <Filter></Filter>
        <DeploymentContent>False</DeploymentContent></ClCompile>
    <ClCompile Include="vHavokPhysicsModule.cpp">
        <Filter></Filter>
        <DeploymentContent>False</DeploymentContent></ClCompile>
    <ClInclude Include="vHavokVisionShapes.h">
        <Filter></Filter>
        <DeploymentContent>False</DeploymentContent></ClInclude>
    <CustomBuild Include="Lua\HavokPhysicsLuaModule.i">
        <Filter>Lua</Filter>
        <DeploymentContent>False</DeploymentContent></CustomBuild>
    <ClInclude Include="CharacterControlStates\vCharacterInput.h">
        <Filter>CharacterControlStates</Filter>
        <DeploymentContent>False</DeploymentContent></ClInclude>
    <ClCompile Include="vHavokSync.cpp">
        <Filter></Filter>
        <DeploymentContent>False</DeploymentContent></ClCompile>
    <ClInclude Include="vHavokPhysicsIncludes.hpp">
        <Filter></Filter>
        <DeploymentContent>False</DeploymentContent></ClInclude>
    <ClInclude Include="VThrowItemComponent.hpp">
        <Filter></Filter>
        <DeploymentContent>False</DeploymentContent></ClInclude>
    <ClCompile Include="vHavokSerialize.cpp">
        <Filter></Filter>
        <DeploymentContent>False</DeploymentContent></ClCompile>
    <ClCompile Include="vHavokContactListener.cpp">
        <Filter></Filter>
        <DeploymentContent>False</DeploymentContent></ClCompile>
    <ClCompile Include="vHavokCharacterController.cpp">
        <Filter></Filter>
        <DeploymentContent>False</DeploymentContent></ClCompile>
    <ClCompile Include="vHavokConstraintChain.cpp">
        <Filter></Filter>
        <DeploymentContent>False</DeploymentContent></ClCompile>
    <ClCompile Include="vHavokDebugConstraintChainRenderer.cpp">
        <Filter></Filter>
        <DeploymentContent>False</DeploymentContent></ClCompile>
    <ClCompile Include="vHavokShapeFactory.cpp">
        <Filter></Filter>
        <DeploymentContent>False</DeploymentContent></ClCompile>
    <ClInclude Include="vHavokCpuJobThreadPool.hpp">
        <Filter></Filter>
        <DeploymentContent>False</DeploymentContent></ClInclude>
    <ClCompile Include="vHavokRagdollConstraint.cpp">
        <Filter></Filter>
        <DeploymentContent>False</DeploymentContent></ClCompile>
    <ClCompile Include="HavokPhysicsEnginePlugin.cpp">
        <Filter></Filter>
        <DeploymentContent>False</DeploymentContent></ClCompile>
    <ClCompile Include="vHavokStiffSpringConstraint.cpp">
        <Filter></Filter>
        <DeploymentContent>False</DeploymentContent></ClCompile>
    <ClInclude Include="vHavokProfiler.hpp">
        <Filter></Filter>
        <DeploymentContent>False</DeploymentContent></ClInclude>
    <ClInclude Include="vHavokUserData.hpp">
        <Filter></Filter>
        <DeploymentContent>False</DeploymentContent></ClInclude>
    <ClInclude Include="vHavokConstraintChainRenderingData.hpp">
        <Filter></Filter>
        <DeploymentContent>False</DeploymentContent></ClInclude>
    <ClCompile Include="vHavokPulleyConstraint.cpp">
        <Filter></Filter>
        <DeploymentContent>False</DeploymentContent></ClCompile>
    <ClCompile Include="vHavokRigidBody.cpp">
        <Filter></Filter>
        <DeploymentContent>False</DeploymentContent></ClCompile>
    <ClInclude Include="vHavokFileStreamAccess.hpp">
        <Filter></Filter>
        <DeploymentContent>False</DeploymentContent></ClInclude>
    <ClCompile Include="vHavokConstraint.cpp">
        <Filter></Filter>
        <DeploymentContent>False</DeploymentContent></ClCompile>
    <ClCompile Include="CharacterControlStates\vCharacterStateFlying.cpp">
        <Filter>CharacterControlStates</Filter>
        <DeploymentContent>False</DeploymentContent></ClCompile>
    <ClInclude Include="vHavokStaticMesh.hpp">
        <Filter></Filter>
        <DeploymentContent>False</DeploymentContent></ClInclude>
    <ClCompile Include="CharacterControlStates\vCharacterStateInAir.cpp">
        <Filter>CharacterControlStates</Filter>
        <DeploymentContent>False</DeploymentContent></ClCompile>
    <ClCompile Include="vHavokPointToPlaneConstraint.cpp">
        <Filter></Filter>
        <DeploymentContent>False</DeploymentContent></ClCompile>
    <ClInclude Include="vHavokGenericConstraint.hpp">
        <Filter></Filter>
        <DeploymentContent>False</DeploymentContent></ClInclude>
    <ClInclude Include="vHavokConstraintChainRenderer.hpp">
        <Filter></Filter>
        <DeploymentContent>False</DeploymentContent></ClInclude>
    <ClInclude Include="CharacterControlStates\vCharacterStateInAir.h">
        <Filter>CharacterControlStates</Filter>
        <DeploymentContent>False</DeploymentContent></ClInclude>
    <ClInclude Include="vHavokShapeFactory.hpp">
        <Filter></Filter>
        <DeploymentContent>False</DeploymentContent></ClInclude>
    <ClCompile Include="vHavokConversionUtils.cpp">
        <Filter></Filter>
        <DeploymentContent>False</DeploymentContent></ClCompile>
    <ClCompile Include="vHavokBallAndSocketConstraintChain.cpp">
        <Filter></Filter>
        <DeploymentContent>False</DeploymentContent></ClCompile>
    <ClCompile Include="VLineFollowerComponent.cpp">
        <Filter></Filter>
        <DeploymentContent>False</DeploymentContent></ClCompile>
    <ClInclude Include="vHavokPointToPlaneConstraint.hpp">
        <Filter></Filter>
        <DeploymentContent>False</DeploymentContent></ClInclude>
    <ClCompile Include="vHavokStiffSpringConstraintChain.cpp">
        <Filter></Filter>
        <DeploymentContent>False</DeploymentContent></ClCompile>
    <ClInclude Include="VLineFollowerComponent.hpp">
        <Filter></Filter>
        <DeploymentContent>False</DeploymentContent></ClInclude>
    <ClInclude Include="vHavokStiffSpringConstraintChain.hpp">
        <Filter></Filter>
        <DeploymentContent>False</DeploymentContent></ClInclude>
    <ClCompile Include="HavokPhysicsEnginePluginPCH.cpp">
        <Filter></Filter>
        <DeploymentContent>False</DeploymentContent></ClCompile>
    <ClInclude Include="CharacterControlStates\vCharacterStateClimbing.h">
        <Filter>CharacterControlStates</Filter>
        <DeploymentContent>False</DeploymentContent></ClInclude>
    <ClCompile Include="Classes\Reflections\vHavokVisionShapesReflection.cpp">
        <Filter>Classes\Reflections</Filter>
        <DeploymentContent>False</DeploymentContent></ClCompile>
    <ClInclude Include="vHavokCharacterController.hpp">
        <Filter></Filter>
        <DeploymentContent>False</DeploymentContent></ClInclude>
    <ClCompile Include="vHavokRagdoll.cpp">
        <Filter></Filter>
        <DeploymentContent>False</DeploymentContent></ClCompile>
    <ClCompile Include="vHavokCachedShape.cpp">
        <Filter></Filter>
        <DeploymentContent>False</DeploymentContent></ClCompile>

  </ItemGroup>
</Project>
