// !$*UTF8*$!
{
	archiveVersion = 1;
	classes = {
	};
	objectVersion = 46;
	objects = {
		
		/* Describes the files */
		992209137210013900000101 = {isa = PBXFileReference; explicitFileType = archive.ar; includeInIndex = 0; path = libRPGPlugin.a;sourceTree = BUILT_PRODUCTS_DIR; };
1086930000000000017348 = { isa = PBXFileReference; path = Action.cpp; sourceTree = "<group>"; };
8118570000000000017350 = { isa = PBXBuildFile; fileRef = 1086930000000000017348; };
6796910000000000017351 = { isa = PBXFileReference; path = Action.h; sourceTree = "<group>"; };
1342020000000000017352 = { isa = PBXBuildFile; fileRef = 6796910000000000017351; };
3456080000000000017353 = { isa = PBXFileReference; path = ActionAoeAttack.cpp; sourceTree = "<group>"; };
0928130000000000017354 = { isa = PBXBuildFile; fileRef = 3456080000000000017353; };
5968830000000000017355 = { isa = PBXFileReference; path = ActionAoeAttack.h; sourceTree = "<group>"; };
7932280000000000017356 = { isa = PBXBuildFile; fileRef = 5968830000000000017355; };
8941400000000000017357 = { isa = PBXFileReference; path = ActionAttackBase.cpp; sourceTree = "<group>"; };
1533320000000000017358 = { isa = PBXBuildFile; fileRef = 8941400000000000017357; };
2250070000000000017359 = { isa = PBXFileReference; path = ActionAttackBase.h; sourceTree = "<group>"; };
8209210000000000017360 = { isa = PBXBuildFile; fileRef = 2250070000000000017359; };
2270750000000000017361 = { isa = PBXFileReference; path = ActionBlock.cpp; sourceTree = "<group>"; };
0987000000000000017362 = { isa = PBXBuildFile; fileRef = 2270750000000000017361; };
9387210000000000017363 = { isa = PBXFileReference; path = ActionBlock.h; sourceTree = "<group>"; };
8692350000000000017364 = { isa = PBXBuildFile; fileRef = 9387210000000000017363; };
1753850000000000017365 = { isa = PBXFileReference; path = ActionChallenge.cpp; sourceTree = "<group>"; };
9297680000000000017366 = { isa = PBXBuildFile; fileRef = 1753850000000000017365; };
0094310000000000017367 = { isa = PBXFileReference; path = ActionChallenge.h; sourceTree = "<group>"; };
0624930000000000017368 = { isa = PBXBuildFile; fileRef = 0094310000000000017367; };
0239170000000000017369 = { isa = PBXFileReference; path = ActionDie.cpp; sourceTree = "<group>"; };
4038460000000000017370 = { isa = PBXBuildFile; fileRef = 0239170000000000017369; };
7573750000000000017371 = { isa = PBXFileReference; path = ActionDie.h; sourceTree = "<group>"; };
3411800000000000017372 = { isa = PBXBuildFile; fileRef = 7573750000000000017371; };
9388700000000000017373 = { isa = PBXFileReference; path = ActionDodge.cpp; sourceTree = "<group>"; };
0353000000000000017374 = { isa = PBXBuildFile; fileRef = 9388700000000000017373; };
0459160000000000017375 = { isa = PBXFileReference; path = ActionDodge.h; sourceTree = "<group>"; };
5388910000000000017376 = { isa = PBXBuildFile; fileRef = 0459160000000000017375; };
5351340000000000017377 = { isa = PBXFileReference; path = ActionHandler.cpp; sourceTree = "<group>"; };
6227390000000000017378 = { isa = PBXBuildFile; fileRef = 5351340000000000017377; };
6562320000000000017379 = { isa = PBXFileReference; path = ActionHandler.h; sourceTree = "<group>"; };
2356470000000000017380 = { isa = PBXBuildFile; fileRef = 6562320000000000017379; };
8714050000000000017381 = { isa = PBXFileReference; path = ActionHeal.cpp; sourceTree = "<group>"; };
3297950000000000017382 = { isa = PBXBuildFile; fileRef = 8714050000000000017381; };
5632580000000000017383 = { isa = PBXFileReference; path = ActionHeal.h; sourceTree = "<group>"; };
0753850000000000017384 = { isa = PBXBuildFile; fileRef = 5632580000000000017383; };
2606590000000000017385 = { isa = PBXFileReference; path = ActionMeleeAttack.cpp; sourceTree = "<group>"; };
6777580000000000017386 = { isa = PBXBuildFile; fileRef = 2606590000000000017385; };
1478050000000000017387 = { isa = PBXFileReference; path = ActionMeleeAttack.h; sourceTree = "<group>"; };
5833920000000000017388 = { isa = PBXBuildFile; fileRef = 1478050000000000017387; };
9608710000000000017389 = { isa = PBXFileReference; path = ActionMove.cpp; sourceTree = "<group>"; };
2315880000000000017390 = { isa = PBXBuildFile; fileRef = 9608710000000000017389; };
0533830000000000017391 = { isa = PBXFileReference; path = ActionMove.h; sourceTree = "<group>"; };
3793480000000000017392 = { isa = PBXBuildFile; fileRef = 0533830000000000017391; };
2238930000000000017393 = { isa = PBXFileReference; path = ActionPowerAttack.cpp; sourceTree = "<group>"; };
3602400000000000017394 = { isa = PBXBuildFile; fileRef = 2238930000000000017393; };
4460440000000000017395 = { isa = PBXFileReference; path = ActionPowerAttack.h; sourceTree = "<group>"; };
3344090000000000017396 = { isa = PBXBuildFile; fileRef = 4460440000000000017395; };
8442650000000000017397 = { isa = PBXFileReference; path = ActionRangedAttack.cpp; sourceTree = "<group>"; };
5053250000000000017398 = { isa = PBXBuildFile; fileRef = 8442650000000000017397; };
1181100000000000017399 = { isa = PBXFileReference; path = ActionRangedAttack.h; sourceTree = "<group>"; };
8182880000000000017400 = { isa = PBXBuildFile; fileRef = 1181100000000000017399; };
6100170000000000017401 = { isa = PBXFileReference; path = ActionSpawn.cpp; sourceTree = "<group>"; };
8377570000000000017402 = { isa = PBXBuildFile; fileRef = 6100170000000000017401; };
3906900000000000017403 = { isa = PBXFileReference; path = ActionSpawn.h; sourceTree = "<group>"; };
6198230000000000017404 = { isa = PBXBuildFile; fileRef = 3906900000000000017403; };
5359770000000000017405 = { isa = PBXFileReference; path = AiCharacter.cpp; sourceTree = "<group>"; };
9752120000000000017406 = { isa = PBXBuildFile; fileRef = 5359770000000000017405; };
0971050000000000017407 = { isa = PBXFileReference; path = AiCharacter.h; sourceTree = "<group>"; };
4010210000000000017408 = { isa = PBXBuildFile; fileRef = 0971050000000000017407; };
3808740000000000017409 = { isa = PBXFileReference; path = AiControllerComponent.cpp; sourceTree = "<group>"; };
1163310000000000017410 = { isa = PBXBuildFile; fileRef = 3808740000000000017409; };
7619360000000000017411 = { isa = PBXFileReference; path = AiControllerComponent.h; sourceTree = "<group>"; };
3170890000000000017412 = { isa = PBXBuildFile; fileRef = 7619360000000000017411; };
4824350000000000017413 = { isa = PBXFileReference; path = AiSpawnPoint.cpp; sourceTree = "<group>"; };
2299690000000000017414 = { isa = PBXBuildFile; fileRef = 4824350000000000017413; };
5129100000000000017415 = { isa = PBXFileReference; path = AiSpawnPoint.h; sourceTree = "<group>"; };
7052790000000000017416 = { isa = PBXBuildFile; fileRef = 5129100000000000017415; };
3964530000000000017417 = { isa = PBXFileReference; path = Attachment.cpp; sourceTree = "<group>"; };
0928690000000000017418 = { isa = PBXBuildFile; fileRef = 3964530000000000017417; };
5024700000000000017419 = { isa = PBXFileReference; path = Attachment.h; sourceTree = "<group>"; };
8886450000000000017420 = { isa = PBXBuildFile; fileRef = 5024700000000000017419; };
9309800000000000017421 = { isa = PBXFileReference; path = AttackableComponent.cpp; sourceTree = "<group>"; };
5075540000000000017422 = { isa = PBXBuildFile; fileRef = 9309800000000000017421; };
2641390000000000017423 = { isa = PBXFileReference; path = AttackableComponent.h; sourceTree = "<group>"; };
8848480000000000017424 = { isa = PBXBuildFile; fileRef = 2641390000000000017423; };
8405870000000000017425 = { isa = PBXFileReference; path = BaseComponent.cpp; sourceTree = "<group>"; };
9368820000000000017426 = { isa = PBXBuildFile; fileRef = 8405870000000000017425; };
2772210000000000017427 = { isa = PBXFileReference; path = BaseComponent.h; sourceTree = "<group>"; };
4200850000000000017428 = { isa = PBXBuildFile; fileRef = 2772210000000000017427; };
3265660000000000017429 = { isa = PBXFileReference; path = BaseEntity.cpp; sourceTree = "<group>"; };
2344850000000000017430 = { isa = PBXBuildFile; fileRef = 3265660000000000017429; };
6580390000000000017431 = { isa = PBXFileReference; path = BaseEntity.h; sourceTree = "<group>"; };
1639800000000000017432 = { isa = PBXBuildFile; fileRef = 6580390000000000017431; };
8609370000000000017433 = { isa = PBXFileReference; path = Boss.cpp; sourceTree = "<group>"; };
3522010000000000017434 = { isa = PBXBuildFile; fileRef = 8609370000000000017433; };
9994180000000000017435 = { isa = PBXFileReference; path = Boss.h; sourceTree = "<group>"; };
8079550000000000017436 = { isa = PBXBuildFile; fileRef = 9994180000000000017435; };
3716330000000000017437 = { isa = PBXFileReference; path = BossAiControllerComponent.cpp; sourceTree = "<group>"; };
8849150000000000017438 = { isa = PBXBuildFile; fileRef = 3716330000000000017437; };
3683480000000000017439 = { isa = PBXFileReference; path = BossAiControllerComponent.h; sourceTree = "<group>"; };
6577530000000000017440 = { isa = PBXBuildFile; fileRef = 3683480000000000017439; };
1881970000000000017441 = { isa = PBXFileReference; path = CasterGuardian.cpp; sourceTree = "<group>"; };
2514400000000000017442 = { isa = PBXBuildFile; fileRef = 1881970000000000017441; };
2232160000000000017443 = { isa = PBXFileReference; path = CasterGuardian.h; sourceTree = "<group>"; };
2870880000000000017444 = { isa = PBXBuildFile; fileRef = 2232160000000000017443; };
8926540000000000017445 = { isa = PBXFileReference; path = CasterGuardianAiControllerComponent.cpp; sourceTree = "<group>"; };
6728390000000000017446 = { isa = PBXBuildFile; fileRef = 8926540000000000017445; };
6534210000000000017447 = { isa = PBXFileReference; path = CasterGuardianAiControllerComponent.h; sourceTree = "<group>"; };
1396850000000000017448 = { isa = PBXBuildFile; fileRef = 6534210000000000017447; };
0150050000000000017449 = { isa = PBXFileReference; path = Character.cpp; sourceTree = "<group>"; };
8883530000000000017450 = { isa = PBXBuildFile; fileRef = 0150050000000000017449; };
6767030000000000017451 = { isa = PBXFileReference; path = Character.h; sourceTree = "<group>"; };
4021250000000000017452 = { isa = PBXBuildFile; fileRef = 6767030000000000017451; };
0792270000000000017453 = { isa = PBXFileReference; path = CharacterActionData.cpp; sourceTree = "<group>"; };
6662770000000000017454 = { isa = PBXBuildFile; fileRef = 0792270000000000017453; };
3545700000000000017455 = { isa = PBXFileReference; path = CharacterActionData.h; sourceTree = "<group>"; };
7478000000000000017456 = { isa = PBXBuildFile; fileRef = 3545700000000000017455; };
3167430000000000017457 = { isa = PBXFileReference; path = CharacterStats.cpp; sourceTree = "<group>"; };
9022320000000000017458 = { isa = PBXBuildFile; fileRef = 3167430000000000017457; };
0388740000000000017459 = { isa = PBXFileReference; path = CharacterStats.h; sourceTree = "<group>"; };
9181220000000000017460 = { isa = PBXBuildFile; fileRef = 0388740000000000017459; };
5271260000000000017461 = { isa = PBXFileReference; path = ControllerComponent.cpp; sourceTree = "<group>"; };
0557210000000000017462 = { isa = PBXBuildFile; fileRef = 5271260000000000017461; };
5677510000000000017463 = { isa = PBXFileReference; path = ControllerComponent.h; sourceTree = "<group>"; };
4268930000000000017464 = { isa = PBXBuildFile; fileRef = 5677510000000000017463; };
5995530000000000017465 = { isa = PBXFileReference; path = DamageableEntity.cpp; sourceTree = "<group>"; };
2633760000000000017466 = { isa = PBXBuildFile; fileRef = 5995530000000000017465; };
5047570000000000017467 = { isa = PBXFileReference; path = DamageableEntity.h; sourceTree = "<group>"; };
6100610000000000017468 = { isa = PBXBuildFile; fileRef = 5047570000000000017467; };
5820960000000000017469 = { isa = PBXFileReference; path = DependencyHelper.cpp; sourceTree = "<group>"; };
4624220000000000017470 = { isa = PBXBuildFile; fileRef = 5820960000000000017469; };
8967820000000000017471 = { isa = PBXFileReference; path = DependencyHelper.h; sourceTree = "<group>"; };
8858560000000000017472 = { isa = PBXBuildFile; fileRef = 8967820000000000017471; };
7405080000000000017473 = { isa = PBXFileReference; path = DestructibleEntity.cpp; sourceTree = "<group>"; };
4100230000000000017474 = { isa = PBXBuildFile; fileRef = 7405080000000000017473; };
3639350000000000017475 = { isa = PBXFileReference; path = DestructibleEntity.h; sourceTree = "<group>"; };
8402370000000000017476 = { isa = PBXBuildFile; fileRef = 3639350000000000017475; };
6771970000000000017477 = { isa = PBXFileReference; path = DummyEntity.cpp; sourceTree = "<group>"; };
2803700000000000017478 = { isa = PBXBuildFile; fileRef = 6771970000000000017477; };
9711570000000000017479 = { isa = PBXFileReference; path = DummyEntity.h; sourceTree = "<group>"; };
3962490000000000017480 = { isa = PBXBuildFile; fileRef = 9711570000000000017479; };
5874030000000000017481 = { isa = PBXFileReference; path = Effect.cpp; sourceTree = "<group>"; };
2198240000000000017482 = { isa = PBXBuildFile; fileRef = 5874030000000000017481; };
3098290000000000017483 = { isa = PBXFileReference; path = Effect.h; sourceTree = "<group>"; };
2826540000000000017484 = { isa = PBXBuildFile; fileRef = 3098290000000000017483; };
2626290000000000017485 = { isa = PBXFileReference; path = Explosion.cpp; sourceTree = "<group>"; };
0581700000000000017486 = { isa = PBXBuildFile; fileRef = 2626290000000000017485; };
2631590000000000017487 = { isa = PBXFileReference; path = Explosion.h; sourceTree = "<group>"; };
8556020000000000017488 = { isa = PBXBuildFile; fileRef = 2631590000000000017487; };
2555620000000000017489 = { isa = PBXFileReference; path = FloatingEntity.cpp; sourceTree = "<group>"; };
6037560000000000017490 = { isa = PBXBuildFile; fileRef = 2555620000000000017489; };
5479640000000000017491 = { isa = PBXFileReference; path = FloatingEntity.h; sourceTree = "<group>"; };
7129860000000000017492 = { isa = PBXBuildFile; fileRef = 5479640000000000017491; };
2824800000000000017493 = { isa = PBXFileReference; path = GameManager.cpp; sourceTree = "<group>"; };
5698990000000000017494 = { isa = PBXBuildFile; fileRef = 2824800000000000017493; };
6173530000000000017495 = { isa = PBXFileReference; path = GameManager.h; sourceTree = "<group>"; };
5883990000000000017496 = { isa = PBXBuildFile; fileRef = 6173530000000000017495; };
4644700000000000017497 = { isa = PBXFileReference; path = GUIHud_VisionGUI.cpp; sourceTree = "<group>"; };
8334650000000000017498 = { isa = PBXBuildFile; fileRef = 4644700000000000017497; };
0798090000000000017499 = { isa = PBXFileReference; path = GUIHud_VisionGUI.h; sourceTree = "<group>"; };
9527360000000000017500 = { isa = PBXBuildFile; fileRef = 0798090000000000017499; };
2099500000000000017501 = { isa = PBXFileReference; path = GUIManager.cpp; sourceTree = "<group>"; };
3501630000000000017502 = { isa = PBXBuildFile; fileRef = 2099500000000000017501; };
7523780000000000017503 = { isa = PBXFileReference; path = GUIManager.h; sourceTree = "<group>"; };
3247900000000000017504 = { isa = PBXBuildFile; fileRef = 7523780000000000017503; };
2538040000000000017505 = { isa = PBXFileReference; path = GUIManager_VisionGUI.cpp; sourceTree = "<group>"; };
3515110000000000017506 = { isa = PBXBuildFile; fileRef = 2538040000000000017505; };
8572370000000000017507 = { isa = PBXFileReference; path = GUIManager_VisionGUI.h; sourceTree = "<group>"; };
2205640000000000017508 = { isa = PBXBuildFile; fileRef = 8572370000000000017507; };
5130880000000000017509 = { isa = PBXFileReference; path = GUIMinimap_VisionGUI.cpp; sourceTree = "<group>"; };
9134700000000000017510 = { isa = PBXBuildFile; fileRef = 5130880000000000017509; };
6769090000000000017511 = { isa = PBXFileReference; path = GUIMinimap_VisionGUI.h; sourceTree = "<group>"; };
3228290000000000017512 = { isa = PBXBuildFile; fileRef = 6769090000000000017511; };
5817020000000000017513 = { isa = PBXFileReference; path = HealthPickup.cpp; sourceTree = "<group>"; };
4479220000000000017514 = { isa = PBXBuildFile; fileRef = 5817020000000000017513; };
7598030000000000017515 = { isa = PBXFileReference; path = HealthPickup.h; sourceTree = "<group>"; };
0238210000000000017516 = { isa = PBXBuildFile; fileRef = 7598030000000000017515; };
9892790000000000017517 = { isa = PBXFileReference; path = HighlightableComponent.cpp; sourceTree = "<group>"; };
0550770000000000017518 = { isa = PBXBuildFile; fileRef = 9892790000000000017517; };
3218890000000000017519 = { isa = PBXFileReference; path = HighlightableComponent.h; sourceTree = "<group>"; };
8921970000000000017520 = { isa = PBXBuildFile; fileRef = 3218890000000000017519; };
2009420000000000017521 = { isa = PBXFileReference; path = HighlightableComponentManager.cpp; sourceTree = "<group>"; };
8912080000000000017522 = { isa = PBXBuildFile; fileRef = 2009420000000000017521; };
4160550000000000017523 = { isa = PBXFileReference; path = HighlightableComponentManager.h; sourceTree = "<group>"; };
8273420000000000017524 = { isa = PBXBuildFile; fileRef = 4160550000000000017523; };
1575870000000000017525 = { isa = PBXFileReference; path = InteractableComponent.cpp; sourceTree = "<group>"; };
2547700000000000017526 = { isa = PBXBuildFile; fileRef = 1575870000000000017525; };
6959700000000000017527 = { isa = PBXFileReference; path = InteractableComponent.h; sourceTree = "<group>"; };
9526480000000000017528 = { isa = PBXBuildFile; fileRef = 6959700000000000017527; };
3319790000000000017529 = { isa = PBXFileReference; path = InventoryHandler.cpp; sourceTree = "<group>"; };
7930050000000000017530 = { isa = PBXBuildFile; fileRef = 3319790000000000017529; };
1247120000000000017531 = { isa = PBXFileReference; path = InventoryHandler.h; sourceTree = "<group>"; };
3387770000000000017532 = { isa = PBXBuildFile; fileRef = 1247120000000000017531; };
5415600000000000017533 = { isa = PBXFileReference; path = InventoryItem.cpp; sourceTree = "<group>"; };
6186510000000000017534 = { isa = PBXBuildFile; fileRef = 5415600000000000017533; };
5975780000000000017535 = { isa = PBXFileReference; path = InventoryItem.h; sourceTree = "<group>"; };
1191610000000000017536 = { isa = PBXBuildFile; fileRef = 5975780000000000017535; };
2525250000000000017537 = { isa = PBXFileReference; path = InventoryPickup.cpp; sourceTree = "<group>"; };
5091180000000000017538 = { isa = PBXBuildFile; fileRef = 2525250000000000017537; };
4024090000000000017539 = { isa = PBXFileReference; path = InventoryPickup.h; sourceTree = "<group>"; };
2214410000000000017540 = { isa = PBXBuildFile; fileRef = 4024090000000000017539; };
5214130000000000017541 = { isa = PBXFileReference; path = LevelInfo.cpp; sourceTree = "<group>"; };
0456680000000000017542 = { isa = PBXBuildFile; fileRef = 5214130000000000017541; };
5563430000000000017543 = { isa = PBXFileReference; path = LevelInfo.h; sourceTree = "<group>"; };
5262600000000000017544 = { isa = PBXBuildFile; fileRef = 5563430000000000017543; };
8167740000000000017545 = { isa = PBXFileReference; path = ManaPickup.cpp; sourceTree = "<group>"; };
7588970000000000017546 = { isa = PBXBuildFile; fileRef = 8167740000000000017545; };
8165630000000000017547 = { isa = PBXFileReference; path = ManaPickup.h; sourceTree = "<group>"; };
4288940000000000017548 = { isa = PBXBuildFile; fileRef = 8165630000000000017547; };
1765290000000000017549 = { isa = PBXFileReference; path = MeleeGuardian.cpp; sourceTree = "<group>"; };
1071100000000000017550 = { isa = PBXBuildFile; fileRef = 1765290000000000017549; };
1950820000000000017551 = { isa = PBXFileReference; path = MeleeGuardian.h; sourceTree = "<group>"; };
3034300000000000017552 = { isa = PBXBuildFile; fileRef = 1950820000000000017551; };
7572100000000000017553 = { isa = PBXFileReference; path = MeleeGuardianAiControllerComponent.cpp; sourceTree = "<group>"; };
7520790000000000017554 = { isa = PBXBuildFile; fileRef = 7572100000000000017553; };
1351140000000000017555 = { isa = PBXFileReference; path = MeleeGuardianAiControllerComponent.h; sourceTree = "<group>"; };
8610450000000000017556 = { isa = PBXBuildFile; fileRef = 1351140000000000017555; };
8198410000000000017557 = { isa = PBXFileReference; path = MeshTrailEffectComponent.cpp; sourceTree = "<group>"; };
8247950000000000017558 = { isa = PBXBuildFile; fileRef = 8198410000000000017557; };
4737360000000000017559 = { isa = PBXFileReference; path = MeshTrailEffectComponent.h; sourceTree = "<group>"; };
2317310000000000017560 = { isa = PBXBuildFile; fileRef = 4737360000000000017559; };
5315390000000000017561 = { isa = PBXFileReference; path = Pickup.cpp; sourceTree = "<group>"; };
1293320000000000017562 = { isa = PBXBuildFile; fileRef = 5315390000000000017561; };
3984980000000000017563 = { isa = PBXFileReference; path = Pickup.h; sourceTree = "<group>"; };
2840410000000000017564 = { isa = PBXBuildFile; fileRef = 3984980000000000017563; };
3801440000000000017565 = { isa = PBXFileReference; path = PlayerCharacter.cpp; sourceTree = "<group>"; };
3239920000000000017566 = { isa = PBXBuildFile; fileRef = 3801440000000000017565; };
8779280000000000017567 = { isa = PBXFileReference; path = PlayerCharacter.h; sourceTree = "<group>"; };
1660570000000000017568 = { isa = PBXBuildFile; fileRef = 8779280000000000017567; };
4884040000000000017569 = { isa = PBXFileReference; path = PlayerCharacterSynchronizationGroup.cpp; sourceTree = "<group>"; };
3435000000000000017570 = { isa = PBXBuildFile; fileRef = 4884040000000000017569; };
9822900000000000017571 = { isa = PBXFileReference; path = PlayerCharacterSynchronizationGroup.h; sourceTree = "<group>"; };
6465960000000000017572 = { isa = PBXBuildFile; fileRef = 9822900000000000017571; };
1139990000000000017573 = { isa = PBXFileReference; path = PlayerControllerComponent.cpp; sourceTree = "<group>"; };
6996420000000000017574 = { isa = PBXBuildFile; fileRef = 1139990000000000017573; };
0157020000000000017575 = { isa = PBXFileReference; path = PlayerControllerComponent.h; sourceTree = "<group>"; };
6966340000000000017576 = { isa = PBXBuildFile; fileRef = 0157020000000000017575; };
4943690000000000017577 = { isa = PBXFileReference; path = PlayerSpawnPoint.cpp; sourceTree = "<group>"; };
0895980000000000017578 = { isa = PBXBuildFile; fileRef = 4943690000000000017577; };
5247230000000000017579 = { isa = PBXFileReference; path = PlayerSpawnPoint.h; sourceTree = "<group>"; };
3458780000000000017580 = { isa = PBXBuildFile; fileRef = 5247230000000000017579; };
1623980000000000017581 = { isa = PBXFileReference; path = PlayerUI.cpp; sourceTree = "<group>"; };
6126680000000000017582 = { isa = PBXBuildFile; fileRef = 1623980000000000017581; };
0147070000000000017583 = { isa = PBXFileReference; path = PlayerUI.h; sourceTree = "<group>"; };
0178610000000000017584 = { isa = PBXBuildFile; fileRef = 0147070000000000017583; };
7002390000000000017585 = { isa = PBXFileReference; path = PlayerUIDialog.cpp; sourceTree = "<group>"; };
5474940000000000017586 = { isa = PBXBuildFile; fileRef = 7002390000000000017585; };
9653140000000000017587 = { isa = PBXFileReference; path = PlayerUIDialog.h; sourceTree = "<group>"; };
5829070000000000017588 = { isa = PBXBuildFile; fileRef = 9653140000000000017587; };
2512520000000000017589 = { isa = PBXFileReference; path = Plugin.cpp; sourceTree = "<group>"; };
6309250000000000017590 = { isa = PBXBuildFile; fileRef = 2512520000000000017589; };
5550600000000000017591 = { isa = PBXFileReference; path = Plugin.h; sourceTree = "<group>"; };
3499940000000000017592 = { isa = PBXBuildFile; fileRef = 5550600000000000017591; };
4589360000000000017593 = { isa = PBXFileReference; path = Precompiled.cpp; sourceTree = "<group>"; };
8966950000000000017594 = { isa = PBXBuildFile; fileRef = 4589360000000000017593; };
8149410000000000017595 = { isa = PBXFileReference; path = Precompiled.h; sourceTree = "<group>"; };
6539410000000000017596 = { isa = PBXBuildFile; fileRef = 8149410000000000017595; };
7980930000000000017597 = { isa = PBXFileReference; path = Projectile.cpp; sourceTree = "<group>"; };
2548350000000000017598 = { isa = PBXBuildFile; fileRef = 7980930000000000017597; };
1581380000000000017599 = { isa = PBXFileReference; path = Projectile.h; sourceTree = "<group>"; };
2234720000000000017600 = { isa = PBXBuildFile; fileRef = 1581380000000000017599; };
5261280000000000017601 = { isa = PBXFileReference; path = ProjectileHealing.cpp; sourceTree = "<group>"; };
6391570000000000017602 = { isa = PBXBuildFile; fileRef = 5261280000000000017601; };
4122200000000000017603 = { isa = PBXFileReference; path = ProjectileHealing.h; sourceTree = "<group>"; };
2623620000000000017604 = { isa = PBXBuildFile; fileRef = 4122200000000000017603; };
0098680000000000017605 = { isa = PBXFileReference; path = RangedGuardian.cpp; sourceTree = "<group>"; };
0733970000000000017606 = { isa = PBXBuildFile; fileRef = 0098680000000000017605; };
0543710000000000017607 = { isa = PBXFileReference; path = RangedGuardian.h; sourceTree = "<group>"; };
3863020000000000017608 = { isa = PBXBuildFile; fileRef = 0543710000000000017607; };
1809990000000000017609 = { isa = PBXFileReference; path = RangedGuardianAiControllerComponent.cpp; sourceTree = "<group>"; };
9631680000000000017610 = { isa = PBXBuildFile; fileRef = 1809990000000000017609; };
0329090000000000017611 = { isa = PBXFileReference; path = RangedGuardianAiControllerComponent.h; sourceTree = "<group>"; };
4348530000000000017612 = { isa = PBXBuildFile; fileRef = 0329090000000000017611; };
7238180000000000017613 = { isa = PBXFileReference; path = Renderer.cpp; sourceTree = "<group>"; };
8272930000000000017614 = { isa = PBXBuildFile; fileRef = 7238180000000000017613; };
2013250000000000017615 = { isa = PBXFileReference; path = Renderer.h; sourceTree = "<group>"; };
1520100000000000017616 = { isa = PBXBuildFile; fileRef = 2013250000000000017615; };
1765590000000000017617 = { isa = PBXFileReference; path = SpawnPoint.cpp; sourceTree = "<group>"; };
8343370000000000017618 = { isa = PBXBuildFile; fileRef = 1765590000000000017617; };
1125370000000000017619 = { isa = PBXFileReference; path = SpawnPoint.h; sourceTree = "<group>"; };
8129020000000000017620 = { isa = PBXBuildFile; fileRef = 1125370000000000017619; };
8100900000000000017621 = { isa = PBXFileReference; path = Trigger.cpp; sourceTree = "<group>"; };
8508980000000000017622 = { isa = PBXBuildFile; fileRef = 8100900000000000017621; };
9808920000000000017623 = { isa = PBXFileReference; path = Trigger.h; sourceTree = "<group>"; };
9686120000000000017624 = { isa = PBXBuildFile; fileRef = 9808920000000000017623; };
3445280000000000017625 = { isa = PBXFileReference; path = VisionEffectHelper.cpp; sourceTree = "<group>"; };
9225470000000000017626 = { isa = PBXBuildFile; fileRef = 3445280000000000017625; };
5773400000000000017627 = { isa = PBXFileReference; path = VisionEffectHelper.h; sourceTree = "<group>"; };
4094260000000000017628 = { isa = PBXBuildFile; fileRef = 5773400000000000017627; };
9411040000000000017629 = { isa = PBXFileReference; path = VisionGameDebug.cpp; sourceTree = "<group>"; };
4494350000000000017630 = { isa = PBXBuildFile; fileRef = 9411040000000000017629; };
6511140000000000017631 = { isa = PBXFileReference; path = VisionGameDebug.h; sourceTree = "<group>"; };
8717610000000000017632 = { isa = PBXBuildFile; fileRef = 6511140000000000017631; };
4749780000000000017633 = { isa = PBXFileReference; path = VisionHavokBehaviorHelper.cpp; sourceTree = "<group>"; };
9848540000000000017634 = { isa = PBXBuildFile; fileRef = 4749780000000000017633; };
0509080000000000017635 = { isa = PBXFileReference; path = VisionHavokBehaviorHelper.h; sourceTree = "<group>"; };
6650410000000000017636 = { isa = PBXBuildFile; fileRef = 0509080000000000017635; };
9443220000000000017637 = { isa = PBXFileReference; path = VisionHavokBehaviorWorldListener.cpp; sourceTree = "<group>"; };
7403520000000000017638 = { isa = PBXBuildFile; fileRef = 9443220000000000017637; };
6616860000000000017639 = { isa = PBXFileReference; path = VisionHavokBehaviorWorldListener.h; sourceTree = "<group>"; };
1001960000000000017640 = { isa = PBXBuildFile; fileRef = 6616860000000000017639; };
1889830000000000017641 = { isa = PBXFileReference; path = VisionHavokConversion.h; sourceTree = "<group>"; };
7522620000000000017642 = { isa = PBXBuildFile; fileRef = 1889830000000000017641; };
5099200000000000017643 = { isa = PBXFileReference; explicitFileType = sourcecode.c; path = VisionHavokConversion.inl; sourceTree = "<group>"; };
7733930000000000017644 = { isa = PBXBuildFile; fileRef = 5099200000000000017643; };
1345480000000000017645 = { isa = PBXFileReference; path = VisionModuleTypes.cpp; sourceTree = "<group>"; };
1609820000000000017646 = { isa = PBXBuildFile; fileRef = 1345480000000000017645; };
0237690000000000017647 = { isa = PBXFileReference; path = VisionSerializer.cpp; sourceTree = "<group>"; };
8506370000000000017648 = { isa = PBXBuildFile; fileRef = 0237690000000000017647; };
6720740000000000017649 = { isa = PBXFileReference; path = VisionSerializer.h; sourceTree = "<group>"; };
5368290000000000017650 = { isa = PBXBuildFile; fileRef = 6720740000000000017649; };
2367630000000000017651 = { isa = PBXFileReference; path = VisionTimer.cpp; sourceTree = "<group>"; };
7332820000000000017652 = { isa = PBXBuildFile; fileRef = 2367630000000000017651; };
4227860000000000017653 = { isa = PBXFileReference; path = VisionTimer.h; sourceTree = "<group>"; };
3270580000000000017654 = { isa = PBXBuildFile; fileRef = 4227860000000000017653; };
7328060000000000017655 = { isa = PBXFileReference; path = VisionUserMessages.h; sourceTree = "<group>"; };
0320110000000000017656 = { isa = PBXBuildFile; fileRef = 7328060000000000017655; };
8783040000000000017657 = { isa = PBXFileReference; lastKnownFileType = "wrapper.pb-project"; name = VisionEnginePlugin_ios_anarchy.xcodeproj; path = ../../../Runtime/EnginePlugins/VisionEnginePlugin/VisionEnginePlugin_ios_anarchy.xcodeproj; sourceTree = SOURCE_ROOT ; };
4430240000000000017658 = { isa = PBXContainerItemProxy; containerPortal = 8783040000000000017657; proxyType = 1; remoteGlobalIDString = 660340137210013700000075; remoteInfo = libVisionEnginePlugin; };
8568620000000000017659 = { isa = PBXContainerItemProxy; containerPortal = 8783040000000000017657; proxyType = 2; remoteGlobalIDString = 6302860000000000017660; remoteInfo = libVisionEnginePlugin; };
5521250000000000017661 = { isa = PBXReferenceProxy; fileType = archive.ar; path = libVisionEnginePlugin.a; remoteRef = 8568620000000000017659 /* PBXContainerItemProxy */; sourceTree = BUILT_PRODUCTS_DIR; };
1453640000000000017662 = { isa = PBXBuildFile; fileRef = 5521250000000000017661; };
1956240000000000017664 = { isa = PBXTargetDependency; name = VisionEnginePlugin; targetProxy = 4430240000000000017658; /* PBXContainerItemProxy */ };
8182770000000000017665 = { isa = PBXFileReference; lastKnownFileType = "wrapper.pb-project"; name = HavokPhysicsEnginePlugin_ios_anarchy.xcodeproj; path = ../../../Runtime/EnginePlugins/Havok/HavokPhysicsEnginePlugin/HavokPhysicsEnginePlugin_ios_anarchy.xcodeproj; sourceTree = SOURCE_ROOT ; };
8462060000000000017666 = { isa = PBXContainerItemProxy; containerPortal = 8182770000000000017665; proxyType = 1; remoteGlobalIDString = 512116137210013700000071; remoteInfo = libvHavok; };
5376300000000000017667 = { isa = PBXContainerItemProxy; containerPortal = 8182770000000000017665; proxyType = 2; remoteGlobalIDString = 4750880000000000017668; remoteInfo = libvHavok; };
2906210000000000017669 = { isa = PBXReferenceProxy; fileType = archive.ar; path = libvHavok.a; remoteRef = 5376300000000000017667 /* PBXContainerItemProxy */; sourceTree = BUILT_PRODUCTS_DIR; };
3191300000000000017670 = { isa = PBXBuildFile; fileRef = 2906210000000000017669; };
2954530000000000017672 = { isa = PBXTargetDependency; name = vHavok; targetProxy = 8462060000000000017666; /* PBXContainerItemProxy */ };
0598490000000000017673 = { isa = PBXFileReference; lastKnownFileType = "wrapper.pb-project"; name = HavokBehaviorEnginePlugin_ios_anarchy.xcodeproj; path = ../../../Runtime/EnginePlugins/Havok/HavokBehaviorEnginePlugin/HavokBehaviorEnginePlugin_ios_anarchy.xcodeproj; sourceTree = SOURCE_ROOT ; };
2070890000000000017674 = { isa = PBXContainerItemProxy; containerPortal = 0598490000000000017673; proxyType = 1; remoteGlobalIDString = 438358137210013600000069; remoteInfo = libvHavokBehavior; };
3166760000000000017675 = { isa = PBXContainerItemProxy; containerPortal = 0598490000000000017673; proxyType = 2; remoteGlobalIDString = 8390300000000000017676; remoteInfo = libvHavokBehavior; };
5393110000000000017677 = { isa = PBXReferenceProxy; fileType = archive.ar; path = libvHavokBehavior.a; remoteRef = 3166760000000000017675 /* PBXContainerItemProxy */; sourceTree = BUILT_PRODUCTS_DIR; };
6304530000000000017678 = { isa = PBXBuildFile; fileRef = 5393110000000000017677; };
0685640000000000017680 = { isa = PBXTargetDependency; name = vHavokBehavior; targetProxy = 2070890000000000017674; /* PBXContainerItemProxy */ };
0219820000000000017681 = { isa = PBXFileReference; lastKnownFileType = "wrapper.pb-project"; name = FmodEnginePlugin_ios_anarchy.xcodeproj; path = ../../../Runtime/EnginePlugins/ThirdParty/FmodEnginePlugin/FmodEnginePlugin_ios_anarchy.xcodeproj; sourceTree = SOURCE_ROOT ; };
9168110000000000017682 = { isa = PBXContainerItemProxy; containerPortal = 0219820000000000017681; proxyType = 1; remoteGlobalIDString = 186678137210013700000073; remoteInfo = libvFmodEnginePlugin; };
5451730000000000017683 = { isa = PBXContainerItemProxy; containerPortal = 0219820000000000017681; proxyType = 2; remoteGlobalIDString = 8565220000000000017684; remoteInfo = libvFmodEnginePlugin; };
0802750000000000017685 = { isa = PBXReferenceProxy; fileType = archive.ar; path = libvFmodEnginePlugin.a; remoteRef = 5451730000000000017683 /* PBXContainerItemProxy */; sourceTree = BUILT_PRODUCTS_DIR; };
0592690000000000017686 = { isa = PBXBuildFile; fileRef = 0802750000000000017685; };
0959160000000000017688 = { isa = PBXTargetDependency; name = vFmodEnginePlugin; targetProxy = 9168110000000000017682; /* PBXContainerItemProxy */ };
3797960000000000017349 = { isa = PBXGroup; children = ( 1086930000000000017348, 6796910000000000017351, 3456080000000000017353, 5968830000000000017355, 8941400000000000017357, 2250070000000000017359, 2270750000000000017361, 9387210000000000017363, 1753850000000000017365, 0094310000000000017367, 0239170000000000017369, 7573750000000000017371, 9388700000000000017373, 0459160000000000017375, 5351340000000000017377, 6562320000000000017379, 8714050000000000017381, 5632580000000000017383, 2606590000000000017385, 1478050000000000017387, 9608710000000000017389, 0533830000000000017391, 2238930000000000017393, 4460440000000000017395, 8442650000000000017397, 1181100000000000017399, 6100170000000000017401, 3906900000000000017403, 5359770000000000017405, 0971050000000000017407, 3808740000000000017409, 7619360000000000017411, 4824350000000000017413, 5129100000000000017415, 3964530000000000017417, 5024700000000000017419, 9309800000000000017421, 2641390000000000017423, 8405870000000000017425, 2772210000000000017427, 3265660000000000017429, 6580390000000000017431, 8609370000000000017433, 9994180000000000017435, 3716330000000000017437, 3683480000000000017439, 1881970000000000017441, 2232160000000000017443, 8926540000000000017445, 6534210000000000017447, 0150050000000000017449, 6767030000000000017451, 0792270000000000017453, 3545700000000000017455, 3167430000000000017457, 0388740000000000017459, 5271260000000000017461, 5677510000000000017463, 5995530000000000017465, 5047570000000000017467, 5820960000000000017469, 8967820000000000017471, 7405080000000000017473, 3639350000000000017475, 6771970000000000017477, 9711570000000000017479, 5874030000000000017481, 3098290000000000017483, 2626290000000000017485, 2631590000000000017487, 2555620000000000017489, 5479640000000000017491, 2824800000000000017493, 6173530000000000017495, 4644700000000000017497, 0798090000000000017499, 2099500000000000017501, 7523780000000000017503, 2538040000000000017505, 8572370000000000017507, 5130880000000000017509, 6769090000000000017511, 5817020000000000017513, 7598030000000000017515, 9892790000000000017517, 3218890000000000017519, 2009420000000000017521, 4160550000000000017523, 1575870000000000017525, 6959700000000000017527, 3319790000000000017529, 1247120000000000017531, 5415600000000000017533, 5975780000000000017535, 2525250000000000017537, 4024090000000000017539, 5214130000000000017541, 5563430000000000017543, 8167740000000000017545, 8165630000000000017547, 1765290000000000017549, 1950820000000000017551, 7572100000000000017553, 1351140000000000017555, 8198410000000000017557, 4737360000000000017559, 5315390000000000017561, 3984980000000000017563, 3801440000000000017565, 8779280000000000017567, 4884040000000000017569, 9822900000000000017571, 1139990000000000017573, 0157020000000000017575, 4943690000000000017577, 5247230000000000017579, 1623980000000000017581, 0147070000000000017583, 7002390000000000017585, 9653140000000000017587, 2512520000000000017589, 5550600000000000017591, 4589360000000000017593, 8149410000000000017595, 7980930000000000017597, 1581380000000000017599, 5261280000000000017601, 4122200000000000017603, 0098680000000000017605, 0543710000000000017607, 1809990000000000017609, 0329090000000000017611, 7238180000000000017613, 2013250000000000017615, 1765590000000000017617, 1125370000000000017619, 8100900000000000017621, 9808920000000000017623, 3445280000000000017625, 5773400000000000017627, 9411040000000000017629, 6511140000000000017631, 4749780000000000017633, 0509080000000000017635, 9443220000000000017637, 6616860000000000017639, 1889830000000000017641, 5099200000000000017643, 1345480000000000017645, 0237690000000000017647, 6720740000000000017649, 2367630000000000017651, 4227860000000000017653, 7328060000000000017655, 8783040000000000017657, 8182770000000000017665, 0598490000000000017673, 0219820000000000017681, ); name = Products; sourceTree = "<group>"; };
1134690000000000017663 = { isa = PBXGroup; children = ( 5521250000000000017661, ); name = Products; sourceTree = "<group>"; };
8707200000000000017687 = { isa = PBXGroup; children = ( 0802750000000000017685, ); name = Products; sourceTree = "<group>"; };
3572870000000000017679 = { isa = PBXGroup; children = ( 5393110000000000017677, ); name = Products; sourceTree = "<group>"; };
2241480000000000017671 = { isa = PBXGroup; children = ( 2906210000000000017669, ); name = Products; sourceTree = "<group>"; };

		
		/* Describes the build configurations */
		9167990000000000017689 = { isa = XCBuildConfiguration; name = debug_v7; buildSettings = { ARCHS = (armv7); SDKROOT = iphoneos; HEADER_SEARCH_PATHS = ( "../../../..", "$(HAVOK_THIRDPARTY_DIR)/redistsdks/Lua/5.1.4/", "$(HAVOK_THIRDPARTY_DIR)/redistsdks/fmod/4.44.11/inc", ); IPHONEOS_DEPLOYMENT_TARGET = 4.3;GCC_PRECOMPILE_PREFIX_HEADER = NO; GCC_PREPROCESSOR_DEFINITIONS_NOT_USED_IN_PRECOMPS = (HK_ANARCHY,PROFILING,_VISION_IOS,_VISION_POSIX,_VR_GLES2,VBASE_LIB,LINK_WITH_VISION,VISIONDLL_LIB,USE_HAVOK);SUPPORTED_PLATFORMS = iphoneos;MACH_O_TYPE = staticlib;LIBRARY_SEARCH_PATHS = ( "$(HAVOK_THIRDPARTY_DIR)/redistsdks/fmod/4.44.11/lib/ios", "../../../../../Lib/ios_xcode_anarchy/$(CONFIGURATION)", ); OTHER_CPLUSPLUSFLAGS = ("-fno-strict-aliasing","-std=c++98","-mfpu=neon","-mfloat-abi=softfp",-DHK_ANARCHY,-DPROFILING,-D_VISION_IOS,-D_VISION_POSIX,-D_VR_GLES2,-DVBASE_LIB,-DLINK_WITH_VISION,-DVISIONDLL_LIB,-DUSE_HAVOK,-D_DEBUG,-DHK_DEBUG,-DHK_DEBUG_SLOW,"-fno-inline");OTHER_LDFLAGS = (-lfmodexL_iphoneos,-lfmodeventL_iphoneos,-lfmodeventnetL_iphoneos,-lvHavokAi);GCC_INLINES_ARE_PRIVATE_EXTERN = YES;GCC_SYMBOLS_PRIVATE_EXTERN = NO;GCC_ENABLE_SYMBOL_SEPARATION = NO;GCC_USE_GCC3_PFE_SUPPORT = NO;GCC_STRICT_ALIASING = NO;GCC_ENABLE_CPP_RTTI = NO; GCC_ENABLE_CPP_EXCEPTIONS = NO; DEBUG_INFORMATION_FORMAT = dwarf;GCC_GENERATE_DEBUGGING_SYMBOLS = YES;GCC_OPTIMIZATION_LEVEL = 0;GCC_THUMB_SUPPORT = NO; GCC_VERSION = com.apple.compilers.llvm.clang.1_0;SKIP_INSTALL = YES; WARNING_CFLAGS = ("-W", "-Wall", "-Wundef", "-Wno-inline", "-Wcast-qual", "-Wno-unused", "-Wno-unknown-pragmas","-Wno-ignored-qualifiers", "-Wno-overflow", "-Wno-type-limits", "-Wno-sign-compare", "-Wno-char-subscripts", "-Wno-switch", "-Wno-dangling-else", "-Wno-comment", "-Wno-shadow", -Wno-unused-parameter);GCC_WARN_ABOUT_INVALID_OFFSETOF_MACRO = NO;}; };
6074160000000000017690 = { isa = XCBuildConfiguration; name = dev_v7; buildSettings = { ARCHS = (armv7); SDKROOT = iphoneos; HEADER_SEARCH_PATHS = ( "../../../..", "$(HAVOK_THIRDPARTY_DIR)/redistsdks/Lua/5.1.4/", "$(HAVOK_THIRDPARTY_DIR)/redistsdks/fmod/4.44.11/inc", ); IPHONEOS_DEPLOYMENT_TARGET = 4.3;GCC_PRECOMPILE_PREFIX_HEADER = NO; GCC_PREPROCESSOR_DEFINITIONS_NOT_USED_IN_PRECOMPS = (HK_ANARCHY,PROFILING,_VISION_IOS,_VISION_POSIX,_VR_GLES2,VBASE_LIB,LINK_WITH_VISION,VISIONDLL_LIB,USE_HAVOK);SUPPORTED_PLATFORMS = iphoneos;MACH_O_TYPE = staticlib;LIBRARY_SEARCH_PATHS = ( "$(HAVOK_THIRDPARTY_DIR)/redistsdks/fmod/4.44.11/lib/ios", "../../../../../Lib/ios_xcode_anarchy/$(CONFIGURATION)", ); OTHER_CPLUSPLUSFLAGS = ("-fno-strict-aliasing","-std=c++98","-mfpu=neon","-mfloat-abi=softfp",-DHK_ANARCHY,-DPROFILING,-D_VISION_IOS,-D_VISION_POSIX,-D_VR_GLES2,-DVBASE_LIB,-DLINK_WITH_VISION,-DVISIONDLL_LIB,-DUSE_HAVOK,-DHK_DEBUG);OTHER_LDFLAGS = (-lfmodex_iphoneos,-lfmodevent_iphoneos,-lfmodeventnet_iphoneos,-lvHavokAi);GCC_INLINES_ARE_PRIVATE_EXTERN = YES;GCC_SYMBOLS_PRIVATE_EXTERN = NO;GCC_ENABLE_SYMBOL_SEPARATION = NO;GCC_USE_GCC3_PFE_SUPPORT = NO;GCC_STRICT_ALIASING = NO;GCC_ENABLE_CPP_RTTI = NO; GCC_ENABLE_CPP_EXCEPTIONS = NO; DEBUG_INFORMATION_FORMAT = dwarf;GCC_GENERATE_DEBUGGING_SYMBOLS = YES;GCC_OPTIMIZATION_LEVEL = 3;GCC_THUMB_SUPPORT = NO; GCC_VERSION = com.apple.compilers.llvm.clang.1_0;SKIP_INSTALL = YES; WARNING_CFLAGS = ("-W", "-Wall", "-Wundef", "-Wno-inline", "-Wcast-qual", "-Wno-unused", "-Wno-unknown-pragmas","-Wno-ignored-qualifiers", "-Wno-overflow", "-Wno-type-limits", "-Wno-sign-compare", "-Wno-char-subscripts", "-Wno-switch", "-Wno-dangling-else", "-Wno-comment", "-Wno-shadow", -Wno-unused-parameter);GCC_WARN_ABOUT_INVALID_OFFSETOF_MACRO = NO;}; };
9389210000000000017691 = { isa = XCBuildConfiguration; name = release_v7; buildSettings = { ARCHS = (armv7); SDKROOT = iphoneos; HEADER_SEARCH_PATHS = ( "../../../..", "$(HAVOK_THIRDPARTY_DIR)/redistsdks/Lua/5.1.4/", "$(HAVOK_THIRDPARTY_DIR)/redistsdks/fmod/4.44.11/inc", ); IPHONEOS_DEPLOYMENT_TARGET = 4.3;GCC_PRECOMPILE_PREFIX_HEADER = NO; GCC_PREPROCESSOR_DEFINITIONS_NOT_USED_IN_PRECOMPS = (HK_ANARCHY,PROFILING,_VISION_IOS,_VISION_POSIX,_VR_GLES2,VBASE_LIB,LINK_WITH_VISION,VISIONDLL_LIB,USE_HAVOK);SUPPORTED_PLATFORMS = iphoneos;MACH_O_TYPE = staticlib;LIBRARY_SEARCH_PATHS = ( "$(HAVOK_THIRDPARTY_DIR)/redistsdks/fmod/4.44.11/lib/ios", "../../../../../Lib/ios_xcode_anarchy/$(CONFIGURATION)", ); OTHER_CPLUSPLUSFLAGS = ("-fno-strict-aliasing","-std=c++98","-mfpu=neon","-mfloat-abi=softfp",-DHK_ANARCHY,-DPROFILING,-D_VISION_IOS,-D_VISION_POSIX,-D_VR_GLES2,-DVBASE_LIB,-DLINK_WITH_VISION,-DVISIONDLL_LIB,-DUSE_HAVOK,"-fomit-frame-pointer","-fno-implement-inlines");OTHER_LDFLAGS = (-lfmodex_iphoneos,-lfmodevent_iphoneos,-lfmodeventnet_iphoneos,-lvHavokAi);GCC_INLINES_ARE_PRIVATE_EXTERN = YES;GCC_SYMBOLS_PRIVATE_EXTERN = NO;GCC_ENABLE_SYMBOL_SEPARATION = NO;GCC_USE_GCC3_PFE_SUPPORT = NO;GCC_STRICT_ALIASING = NO;GCC_ENABLE_CPP_RTTI = NO; GCC_ENABLE_CPP_EXCEPTIONS = NO; DEBUG_INFORMATION_FORMAT = dwarf;GCC_GENERATE_DEBUGGING_SYMBOLS = NO;GCC_OPTIMIZATION_LEVEL = 3;GCC_THUMB_SUPPORT = NO; GCC_VERSION = com.apple.compilers.llvm.clang.1_0;SKIP_INSTALL = YES; WARNING_CFLAGS = ("-W", "-Wall", "-Wundef", "-Wno-inline", "-Wcast-qual", "-Wno-unused", "-Wno-unknown-pragmas","-Wno-ignored-qualifiers", "-Wno-overflow", "-Wno-type-limits", "-Wno-sign-compare", "-Wno-char-subscripts", "-Wno-switch", "-Wno-dangling-else", "-Wno-comment", "-Wno-shadow", -Wno-unused-parameter);GCC_WARN_ABOUT_INVALID_OFFSETOF_MACRO = NO;}; };
3176110000000000017692 = { isa = XCBuildConfiguration; name = distrib_v7; buildSettings = { ARCHS = (armv7); SDKROOT = iphoneos; HEADER_SEARCH_PATHS = ( "../../../..", "$(HAVOK_THIRDPARTY_DIR)/redistsdks/Lua/5.1.4/", "$(HAVOK_THIRDPARTY_DIR)/redistsdks/fmod/4.44.11/inc", ); IPHONEOS_DEPLOYMENT_TARGET = 4.3;GCC_PRECOMPILE_PREFIX_HEADER = NO; GCC_PREPROCESSOR_DEFINITIONS_NOT_USED_IN_PRECOMPS = (HK_ANARCHY,PROFILING,_VISION_IOS,_VISION_POSIX,_VR_GLES2,VBASE_LIB,LINK_WITH_VISION,VISIONDLL_LIB,USE_HAVOK);SUPPORTED_PLATFORMS = iphoneos;MACH_O_TYPE = staticlib;LIBRARY_SEARCH_PATHS = ( "$(HAVOK_THIRDPARTY_DIR)/redistsdks/fmod/4.44.11/lib/ios", "../../../../../Lib/ios_xcode_anarchy/$(CONFIGURATION)", ); OTHER_CPLUSPLUSFLAGS = ("-fno-strict-aliasing","-std=c++98","-mfpu=neon","-mfloat-abi=softfp",-DHK_ANARCHY,-DPROFILING,-D_VISION_IOS,-D_VISION_POSIX,-D_VR_GLES2,-DVBASE_LIB,-DLINK_WITH_VISION,-DVISIONDLL_LIB,-DUSE_HAVOK,"-fomit-frame-pointer","-fno-implement-inlines");OTHER_LDFLAGS = (-lfmodex_iphoneos,-lfmodevent_iphoneos,-lfmodeventnet_iphoneos,-lvHavokAi);GCC_INLINES_ARE_PRIVATE_EXTERN = YES;GCC_SYMBOLS_PRIVATE_EXTERN = NO;GCC_ENABLE_SYMBOL_SEPARATION = NO;GCC_USE_GCC3_PFE_SUPPORT = NO;GCC_STRICT_ALIASING = NO;GCC_ENABLE_CPP_RTTI = NO; GCC_ENABLE_CPP_EXCEPTIONS = NO; DEBUG_INFORMATION_FORMAT = dwarf;GCC_GENERATE_DEBUGGING_SYMBOLS = NO;GCC_OPTIMIZATION_LEVEL = 3;GCC_THUMB_SUPPORT = NO; GCC_VERSION = com.apple.compilers.llvm.clang.1_0;SKIP_INSTALL = YES; WARNING_CFLAGS = ("-W", "-Wall", "-Wundef", "-Wno-inline", "-Wcast-qual", "-Wno-unused", "-Wno-unknown-pragmas","-Wno-ignored-qualifiers", "-Wno-overflow", "-Wno-type-limits", "-Wno-sign-compare", "-Wno-char-subscripts", "-Wno-switch", "-Wno-dangling-else", "-Wno-comment", "-Wno-shadow", -Wno-unused-parameter);GCC_WARN_ABOUT_INVALID_OFFSETOF_MACRO = NO;}; };

		6505550000000000017693 = { isa = XCBuildConfiguration; name = debug_v7; buildSettings = { CONFIGURATION_BUILD_DIR = "$(BUILD_DIR)"; CONFIGURATION_TEMP_DIR = "$(PROJECT_TEMP_DIR)/$(CONFIGURATION)$"; SYMROOT = "../../../../../Lib/ios_xcode_anarchy/debug_v7"; OBJROOT = "../../../../../Obj/ios_xcode_anarchy/$(CONFIGURATION)/RPGPlugin"; HEADER_SEARCH_PATHS = ( "../../../..", "$(HAVOK_THIRDPARTY_DIR)/redistsdks/Lua/5.1.4/", "$(HAVOK_THIRDPARTY_DIR)/redistsdks/fmod/4.44.11/inc", ); PRODUCT_NAME = "RPGPlugin"; }; };
8876010000000000017694 = { isa = XCBuildConfiguration; name = dev_v7; buildSettings = { CONFIGURATION_BUILD_DIR = "$(BUILD_DIR)"; CONFIGURATION_TEMP_DIR = "$(PROJECT_TEMP_DIR)/$(CONFIGURATION)$"; SYMROOT = "../../../../../Lib/ios_xcode_anarchy/dev_v7"; OBJROOT = "../../../../../Obj/ios_xcode_anarchy/$(CONFIGURATION)/RPGPlugin"; HEADER_SEARCH_PATHS = ( "../../../..", "$(HAVOK_THIRDPARTY_DIR)/redistsdks/Lua/5.1.4/", "$(HAVOK_THIRDPARTY_DIR)/redistsdks/fmod/4.44.11/inc", ); PRODUCT_NAME = "RPGPlugin"; }; };
3670230000000000017695 = { isa = XCBuildConfiguration; name = release_v7; buildSettings = { CONFIGURATION_BUILD_DIR = "$(BUILD_DIR)"; CONFIGURATION_TEMP_DIR = "$(PROJECT_TEMP_DIR)/$(CONFIGURATION)$"; SYMROOT = "../../../../../Lib/ios_xcode_anarchy/release_v7"; OBJROOT = "../../../../../Obj/ios_xcode_anarchy/$(CONFIGURATION)/RPGPlugin"; HEADER_SEARCH_PATHS = ( "../../../..", "$(HAVOK_THIRDPARTY_DIR)/redistsdks/Lua/5.1.4/", "$(HAVOK_THIRDPARTY_DIR)/redistsdks/fmod/4.44.11/inc", ); PRODUCT_NAME = "RPGPlugin"; }; };
3569040000000000017696 = { isa = XCBuildConfiguration; name = distrib_v7; buildSettings = { CONFIGURATION_BUILD_DIR = "$(BUILD_DIR)"; CONFIGURATION_TEMP_DIR = "$(PROJECT_TEMP_DIR)/$(CONFIGURATION)$"; SYMROOT = "../../../../../Lib/ios_xcode_anarchy/distrib_v7"; OBJROOT = "../../../../../Obj/ios_xcode_anarchy/$(CONFIGURATION)/RPGPlugin"; HEADER_SEARCH_PATHS = ( "../../../..", "$(HAVOK_THIRDPARTY_DIR)/redistsdks/Lua/5.1.4/", "$(HAVOK_THIRDPARTY_DIR)/redistsdks/fmod/4.44.11/inc", ); PRODUCT_NAME = "RPGPlugin"; }; };

		8117760000000000017697 = { isa = XCConfigurationList; buildConfigurations = ( 6074160000000000017690, 9167990000000000017689, 3176110000000000017692, 9389210000000000017691, ); };
		9607470000000000017698 = { isa = XCConfigurationList; buildConfigurations = ( 8876010000000000017694, 6505550000000000017693, 3569040000000000017696, 3670230000000000017695, ); };

		/* Describes the target */
		
		6216940000000000017699 = { isa = PBXSourcesBuildPhase; buildActionMask = 2147483647; files = ( 3515110000000000017506, 8508980000000000017622, 1293320000000000017562, 4494350000000000017630, 4624220000000000017470, 7403520000000000017638, 3297950000000000017382, 2315880000000000017390, 0550770000000000017518, 9297680000000000017366, 6126680000000000017582, 3435000000000000017570, 3239920000000000017566, 8343370000000000017618, 7588970000000000017546, 5698990000000000017494, 2514400000000000017442, 0557210000000000017462, 0928130000000000017354, 2803700000000000017478, 5053250000000000017398, 5474940000000000017586, 9225470000000000017626, 1163310000000000017410, 2633760000000000017466, 7520790000000000017554, 6777580000000000017386, 8272930000000000017614, 6309250000000000017590, 6662770000000000017454, 6037560000000000017490, 1071100000000000017550, 5075540000000000017422, 0353000000000000017374, 6227390000000000017378, 2547700000000000017526, 6996420000000000017574, 8377570000000000017402, 3522010000000000017434, 6391570000000000017602, 7332820000000000017652, 8334650000000000017498, 9022320000000000017458, 9368820000000000017426, 1609820000000000017646, 2548350000000000017598, 8247950000000000017558, 6186510000000000017534, 8883530000000000017450, 9848540000000000017634, 0456680000000000017542, 0987000000000000017362, 4038460000000000017370, 9752120000000000017406, 8118570000000000017350, 0733970000000000017606, 2299690000000000017414, 2344850000000000017430, 8912080000000000017522, 3501630000000000017502, 4100230000000000017474, 4479220000000000017514, 8966950000000000017594, 8849150000000000017438, 6728390000000000017446, 7930050000000000017530, 5091180000000000017538, 8506370000000000017648, 2198240000000000017482, 0581700000000000017486, 9631680000000000017610, 0928690000000000017418, 1533320000000000017358, 9134700000000000017510, 0895980000000000017578, 3602400000000000017394, ); runOnlyForDeploymentPostprocessing = 0; };
		4890470000000000017700 = { isa = PBXFrameworksBuildPhase; buildActionMask = 2147483647; files = ( 1453640000000000017662, 3191300000000000017670, 6304530000000000017678, 0592690000000000017686, ); runOnlyForDeploymentPostprocessing = 0; };
		167876137210013900000099 = { isa = PBXNativeTarget; buildConfigurationList = 8117760000000000017697; buildPhases = ( 2075820000000000014593, 0063370000000000014826, 1097140000000000014890, 7426930000000000015581, 9641120000000000015756, 8743060000000000015878, 8529520000000000015997, 7303570000000000016099, 7527690000000000016305, 6546390000000000016479, 2574510000000000016653, 7590960000000000016837, 7090550000000000017134, 2120030000000000017342, 6216940000000000017699, 4890470000000000017700, 2627830000000000017344, 8788040000000000017346,  ); dependencies = ( 1956240000000000017664,2954530000000000017672,0685640000000000017680,0959160000000000017688, ); name = libRPGPlugin; productName = libRPGPlugin; productReference = 992209137210013900000101 /* libRPGPlugin */ ;productType = "com.apple.product-type.library.static";}; 
		
		/* Describes the project */
		9537150000000000017701 = { isa = PBXProject; projectDirPath = ""; projectRoot = ""; compatibilityVersion = "Xcode 3.2"; mainGroup = 3797960000000000017349; buildConfigurationList = 9607470000000000017698; projectReferences = ( { ProductGroup = 1134690000000000017663 /* Products */; ProjectRef = 8783040000000000017657; /* xcodeproj */ },
 { ProductGroup = 2241480000000000017671 /* Products */; ProjectRef = 8182770000000000017665; /* xcodeproj */ },
 { ProductGroup = 3572870000000000017679 /* Products */; ProjectRef = 0598490000000000017673; /* xcodeproj */ },
 { ProductGroup = 8707200000000000017687 /* Products */; ProjectRef = 0219820000000000017681; /* xcodeproj */ },
 );
 targets = ( 167876137210013900000099 ); };
	};
	
	rootObject = 9537150000000000017701 /* Project object */;
}
